
Microsoft Visual Studio Solution File, Format Version 12.00
# Visual Studio Version 17
VisualStudioVersion = 17.7.34221.43
MinimumVisualStudioVersion = 10.0.40219.1
Project("{FAE04EC0-301F-11D3-BF4B-00C04F79EFBC}") = "DAy6Assignment", "DAy6Assignment\DAy6Assignment.csproj", "{9B66BD7D-6750-4138-A5B1-25403907994B}"
EndProject
Global
	GlobalSection(SolutionConfigurationPlatforms) = preSolution
		Debug|Any CPU = Debug|Any CPU
		Release|Any CPU = Release|Any CPU
	EndGlobalSection
	GlobalSection(ProjectConfigurationPlatforms) = postSolution
		{9B66BD7D-6750-4138-A5B1-25403907994B}.Debug|Any CPU.ActiveCfg = Debug|Any CPU
		{9B66BD7D-6750-4138-A5B1-25403907994B}.Debug|Any CPU.Build.0 = Debug|Any CPU
		{9B66BD7D-6750-4138-A5B1-25403907994B}.Release|Any CPU.ActiveCfg = Release|Any CPU
		{9B66BD7D-6750-4138-A5B1-25403907994B}.Release|Any CPU.Build.0 = Release|Any CPU
	EndGlobalSection
	GlobalSection(SolutionProperties) = preSolution
		HideSolutionNode = FALSE
	EndGlobalSection
	GlobalSection(ExtensibilityGlobals) = postSolution
		SolutionGuid = {AE8798F8-DCDE-4243-BA46-55DC7E82D52F}
	EndGlobalSection
EndGlobal
